// !$*UTF8*$!
{
	archiveVersion = 1;
	classes = {
	};
	objectVersion = 50;
	objects = {

/* Begin PBXBuildFile section */
		CE4A160525BEED0C00E5951D /* AppDelegate.swift in Sources */ = {isa = PBXBuildFile; fileRef = CE4A160425BEED0C00E5951D /* AppDelegate.swift */; };
		CE4A160725BEED0C00E5951D /* SceneDelegate.swift in Sources */ = {isa = PBXBuildFile; fileRef = CE4A160625BEED0C00E5951D /* SceneDelegate.swift */; };
		CE4A160925BEED0C00E5951D /* MainViewController.swift in Sources */ = {isa = PBXBuildFile; fileRef = CE4A160825BEED0C00E5951D /* MainViewController.swift */; };
		CE4A160E25BEED0D00E5951D /* Assets.xcassets in Resources */ = {isa = PBXBuildFile; fileRef = CE4A160D25BEED0D00E5951D /* Assets.xcassets */; };
		CE4A161125BEED0D00E5951D /* LaunchScreen.storyboard in Resources */ = {isa = PBXBuildFile; fileRef = CE4A160F25BEED0D00E5951D /* LaunchScreen.storyboard */; };
		CE7E18B825C1747300CCE71F /* PrimaryView.swift in Sources */ = {isa = PBXBuildFile; fileRef = CE7E18B725C1747300CCE71F /* PrimaryView.swift */; };
		CE7E18BA25C208CE00CCE71F /* Extensions.swift in Sources */ = {isa = PBXBuildFile; fileRef = CE7E18B925C208CE00CCE71F /* Extensions.swift */; };
/* End PBXBuildFile section */

/* Begin PBXFileReference section */
		CE4A160125BEED0C00E5951D /* Lesson - 4.app */ = {isa = PBXFileReference; explicitFileType = wrapper.application; includeInIndex = 0; path = "Lesson - 4.app"; sourceTree = BUILT_PRODUCTS_DIR; };
		CE4A160425BEED0C00E5951D /* AppDelegate.swift */ = {isa = PBXFileReference; lastKnownFileType = sourcecode.swift; path = AppDelegate.swift; sourceTree = "<group>"; };
		CE4A160625BEED0C00E5951D /* SceneDelegate.swift */ = {isa = PBXFileReference; lastKnownFileType = sourcecode.swift; path = SceneDelegate.swift; sourceTree = "<group>"; };
		CE4A160825BEED0C00E5951D /* MainViewController.swift */ = {isa = PBXFileReference; lastKnownFileType = sourcecode.swift; path = MainViewController.swift; sourceTree = "<group>"; };
		CE4A160D25BEED0D00E5951D /* Assets.xcassets */ = {isa = PBXFileReference; lastKnownFileType = folder.assetcatalog; path = Assets.xcassets; sourceTree = "<group>"; };
		CE4A161025BEED0D00E5951D /* Base */ = {isa = PBXFileReference; lastKnownFileType = file.storyboard; name = Base; path = Base.lproj/LaunchScreen.storyboard; sourceTree = "<group>"; };
		CE4A161225BEED0D00E5951D /* Info.plist */ = {isa = PBXFileReference; lastKnownFileType = text.plist.xml; path = Info.plist; sourceTree = "<group>"; };
		CE7E18B725C1747300CCE71F /* PrimaryView.swift */ = {isa = PBXFileReference; lastKnownFileType = sourcecode.swift; path = PrimaryView.swift; sourceTree = "<group>"; };
		CE7E18B925C208CE00CCE71F /* Extensions.swift */ = {isa = PBXFileReference; lastKnownFileType = sourcecode.swift; path = Extensions.swift; sourceTree = "<group>"; };
/* End PBXFileReference section */

/* Begin PBXFrameworksBuildPhase section */
		CE4A15FE25BEED0C00E5951D /* Frameworks */ = {
			isa = PBXFrameworksBuildPhase;
			buildActionMask = 2147483647;
			files = (
			);
			runOnlyForDeploymentPostprocessing = 0;
		};
/* End PBXFrameworksBuildPhase section */

/* Begin PBXGroup section */
		CE4A15F825BEED0C00E5951D = {
			isa = PBXGroup;
			children = (
				CE4A160325BEED0C00E5951D /* Lesson - 4 */,
				CE4A160225BEED0C00E5951D /* Products */,
			);
			sourceTree = "<group>";
		};
		CE4A160225BEED0C00E5951D /* Products */ = {
			isa = PBXGroup;
			children = (
				CE4A160125BEED0C00E5951D /* Lesson - 4.app */,
			);
			name = Products;
			sourceTree = "<group>";
		};
		CE4A160325BEED0C00E5951D /* Lesson - 4 */ = {
			isa = PBXGroup;
			children = (
				CE4A160425BEED0C00E5951D /* AppDelegate.swift */,
				CE4A160625BEED0C00E5951D /* SceneDelegate.swift */,
				CE4A160825BEED0C00E5951D /* MainViewController.swift */,
				CE4A160D25BEED0D00E5951D /* Assets.xcassets */,
				CE4A160F25BEED0D00E5951D /* LaunchScreen.storyboard */,
				CE4A161225BEED0D00E5951D /* Info.plist */,
				CE7E18B725C1747300CCE71F /* PrimaryView.swift */,
				CE7E18B925C208CE00CCE71F /* Extensions.swift */,
			);
			path = "Lesson - 4";
			sourceTree = "<group>";
		};
/* End PBXGroup section */

/* Begin PBXNativeTarget section */
		CE4A160025BEED0C00E5951D /* Lesson - 4 */ = {
			isa = PBXNativeTarget;
			buildConfigurationList = CE4A161525BEED0D00E5951D /* Build configuration list for PBXNativeTarget "Lesson - 4" */;
			buildPhases = (
				CE4A15FD25BEED0C00E5951D /* Sources */,
				CE4A15FE25BEED0C00E5951D /* Frameworks */,
				CE4A15FF25BEED0C00E5951D /* Resources */,
			);
			buildRules = (
			);
			dependencies = (
			);
			name = "Lesson - 4";
			productName = "Lesson - 4";
			productReference = CE4A160125BEED0C00E5951D /* Lesson - 4.app */;
			productType = "com.apple.product-type.application";
		};
/* End PBXNativeTarget section */

/* Begin PBXProject section */
		CE4A15F925BEED0C00E5951D /* Project object */ = {
			isa = PBXProject;
			attributes = {
				LastSwiftUpdateCheck = 1130;
				LastUpgradeCheck = 1130;
				ORGANIZATIONNAME = "Syrym Zhursin";
				TargetAttributes = {
					CE4A160025BEED0C00E5951D = {
						CreatedOnToolsVersion = 11.3.1;
					};
				};
			};
			buildConfigurationList = CE4A15FC25BEED0C00E5951D /* Build configuration list for PBXProject "Lesson - 4" */;
			compatibilityVersion = "Xcode 9.3";
			developmentRegion = en;
			hasScannedForEncodings = 0;
			knownRegions = (
				en,
				Base,
			);
			mainGroup = CE4A15F825BEED0C00E5951D;
			productRefGroup = CE4A160225BEED0C00E5951D /* Products */;
			projectDirPath = "";
			projectRoot = "";
			targets = (
				CE4A160025BEED0C00E5951D /* Lesson - 4 */,
			);
		};
/* End PBXProject section */

/* Begin PBXResourcesBuildPhase section */
		CE4A15FF25BEED0C00E5951D /* Resources */ = {
			isa = PBXResourcesBuildPhase;
			buildActionMask = 2147483647;
			files = (
				CE4A161125BEED0D00E5951D /* LaunchScreen.storyboard in Resources */,
				CE4A160E25BEED0D00E5951D /* Assets.xcassets in Resources */,
			);
			runOnlyForDeploymentPostprocessing = 0;
		};
/* End PBXResourcesBuildPhase section */

/* Begin PBXSourcesBuildPhase section */
		CE4A15FD25BEED0C00E5951D /* Sources */ = {
			isa = PBXSourcesBuildPhase;
			buildActionMask = 2147483647;
			files = (
				CE7E18BA25C208CE00CCE71F /* Extensions.swift in Sources */,
				CE4A160925BEED0C00E5951D /* MainViewController.swift in Sources */,
				CE4A160525BEED0C00E5951D /* AppDelegate.swift in Sources */,
				CE4A160725BEED0C00E5951D /* SceneDelegate.swift in Sources */,
				CE7E18B825C1747300CCE71F /* PrimaryView.swift in Sources */,
			);
			runOnlyForDeploymentPostprocessing = 0;
		};
/* End PBXSourcesBuildPhase section */

/* Begin PBXVariantGroup section */
		CE4A160F25BEED0D00E5951D /* LaunchScreen.storyboard */ = {
			isa = PBXVariantGroup;
			children = (
				CE4A161025BEED0D00E5951D /* Base */,
			);
			name = LaunchScreen.storyboard;
			sourceTree = "<group>";
		};
/* End PBXVariantGroup section */

/* Begin XCBuildConfiguration section */
		CE4A161325BEED0D00E5951D /* Debug */ = {
			isa = XCBuildConfiguration;
			buildSettings = {
				ALWAYS_SEARCH_USER_PATHS = NO;
				CLANG_ANALYZER_NONNULL = YES;
				CLANG_ANALYZER_NUMBER_OBJECT_CONVERSION = YES_AGGRESSIVE;
				CLANG_CXX_LANGUAGE_STANDARD = "gnu++14";
				CLANG_CXX_LIBRARY = "libc++";
				CLANG_ENABLE_MODULES = YES;
				CLANG_ENABLE_OBJC_ARC = YES;
				CLANG_ENABLE_OBJC_WEAK = YES;
				CLANG_WARN_BLOCK_CAPTURE_AUTORELEASING = YES;
				CLANG_WARN_BOOL_CONVERSION = YES;
				CLANG_WARN_COMMA = YES;
				CLANG_WARN_CONSTANT_CONVERSION = YES;
				CLANG_WARN_DEPRECATED_OBJC_IMPLEMENTATIONS = YES;
				CLANG_WARN_DIRECT_OBJC_ISA_USAGE = YES_ERROR;
				CLANG_WARN_DOCUMENTATION_COMMENTS = YES;
				CLANG_WARN_EMPTY_BODY = YES;
				CLANG_WARN_ENUM_CONVERSION = YES;
				CLANG_WARN_INFINITE_RECURSION = YES;
				CLANG_WARN_INT_CONVERSION = YES;
				CLANG_WARN_NON_LITERAL_NULL_CONVERSION = YES;
				CLANG_WARN_OBJC_IMPLICIT_RETAIN_SELF = YES;
				CLANG_WARN_OBJC_LITERAL_CONVERSION = YES;
				CLANG_WARN_OBJC_ROOT_CLASS = YES_ERROR;
				CLANG_WARN_RANGE_LOOP_ANALYSIS = YES;
				CLANG_WARN_STRICT_PROTOTYPES = YES;
				CLANG_WARN_SUSPICIOUS_MOVE = YES;
				CLANG_WARN_UNGUARDED_AVAILABILITY = YES_AGGRESSIVE;
				CLANG_WARN_UNREACHABLE_CODE = YES;
				CLANG_WARN__DUPLICATE_METHOD_MATCH = YES;
				COPY_PHASE_STRIP = NO;
				DEBUG_INFORMATION_FORMAT = dwarf;
				ENABLE_STRICT_OBJC_MSGSEND = YES;
				ENABLE_TESTABILITY = YES;
				GCC_C_LANGUAGE_STANDARD = gnu11;
				GCC_DYNAMIC_NO_PIC = NO;
				GCC_NO_COMMON_BLOCKS = YES;
				GCC_OPTIMIZATION_LEVEL = 0;
				GCC_PREPROCESSOR_DEFINITIONS = (
					"DEBUG=1",
					"$(inherited)",
				);
				GCC_WARN_64_TO_32_BIT_CONVERSION = YES;
				GCC_WARN_ABOUT_RETURN_TYPE = YES_ERROR;
				GCC_WARN_UNDECLARED_SELECTOR = YES;
				GCC_WARN_UNINITIALIZED_AUTOS = YES_AGGRESSIVE;
				GCC_WARN_UNUSED_FUNCTION = YES;
				GCC_WARN_UNUSED_VARIABLE = YES;
				IPHONEOS_DEPLOYMENT_TARGET = 13.2;
				MTL_ENABLE_DEBUG_INFO = INCLUDE_SOURCE;
				MTL_FAST_MATH = YES;
				ONLY_ACTIVE_ARCH = YES;
				SDKROOT = iphoneos;
				SWIFT_ACTIVE_COMPILATION_CONDITIONS = DEBUG;
				SWIFT_OPTIMIZATION_LEVEL = "-Onone";
			};
			name = Debug;
		};
		CE4A161425BEED0D00E5951D /* Release */ = {
			isa = XCBuildConfiguration;
			buildSettings = {
				ALWAYS_SEARCH_USER_PATHS = NO;
				CLANG_ANALYZER_NONNULL = YES;
				CLANG_ANALYZER_NUMBER_OBJECT_CONVERSION = YES_AGGRESSIVE;
				CLANG_CXX_LANGUAGE_STANDARD = "gnu++14";
				CLANG_CXX_LIBRARY = "libc++";
				CLANG_ENABLE_MODULES = YES;
				CLANG_ENABLE_OBJC_ARC = YES;
				CLANG_ENABLE_OBJC_WEAK = YES;
				CLANG_WARN_BLOCK_CAPTURE_AUTORELEASING = YES;
				CLANG_WARN_BOOL_CONVERSION = YES;
				CLANG_WARN_COMMA = YES;
				CLANG_WARN_CONSTANT_CONVERSION = YES;
				CLANG_WARN_DEPRECATED_OBJC_IMPLEMENTATIONS = YES;
				CLANG_WARN_DIRECT_OBJC_ISA_USAGE = YES_ERROR;
				CLANG_WARN_DOCUMENTATION_COMMENTS = YES;
				CLANG_WARN_EMPTY_BODY = YES;
				CLANG_WARN_ENUM_CONVERSION = YES;
				CLANG_WARN_INFINITE_RECURSION = YES;
				CLANG_WARN_INT_CONVERSION = YES;
				CLANG_WARN_NON_LITERAL_NULL_CONVERSION = YES;
				CLANG_WARN_OBJC_IMPLICIT_RETAIN_SELF = YES;
				CLANG_WARN_OBJC_LITERAL_CONVERSION = YES;
				CLANG_WARN_OBJC_ROOT_CLASS = YES_ERROR;
				CLANG_WARN_RANGE_LOOP_ANALYSIS = YES;
				CLANG_WARN_STRICT_PROTOTYPES = YES;
				CLANG_WARN_SUSPICIOUS_MOVE = YES;
				CLANG_WARN_UNGUARDED_AVAILABILITY = YES_AGGRESSIVE;
				CLANG_WARN_UNREACHABLE_CODE = YES;
				CLANG_WARN__DUPLICATE_METHOD_MATCH = YES;
				COPY_PHASE_STRIP = NO;
				DEBUG_INFORMATION_FORMAT = "dwarf-with-dsym";
				ENABLE_NS_ASSERTIONS = NO;
				ENABLE_STRICT_OBJC_MSGSEND = YES;
				GCC_C_LANGUAGE_STANDARD = gnu11;
				GCC_NO_COMMON_BLOCKS = YES;
				GCC_WARN_64_TO_32_BIT_CONVERSION = YES;
				GCC_WARN_ABOUT_RETURN_TYPE = YES_ERROR;
				GCC_WARN_UNDECLARED_SELECTOR = YES;
				GCC_WARN_UNINITIALIZED_AUTOS = YES_AGGRESSIVE;
				GCC_WARN_UNUSED_FUNCTION = YES;
				GCC_WARN_UNUSED_VARIABLE = YES;
				IPHONEOS_DEPLOYMENT_TARGET = 13.2;
				MTL_ENABLE_DEBUG_INFO = NO;
				MTL_FAST_MATH = YES;
				SDKROOT = iphoneos;
				SWIFT_COMPILATION_MODE = wholemodule;
				SWIFT_OPTIMIZATION_LEVEL = "-O";
				VALIDATE_PRODUCT = YES;
			};
			name = Release;
		};
		CE4A161625BEED0D00E5951D /* Debug */ = {
			isa = XCBuildConfiguration;
			buildSettings = {
				ASSETCATALOG_COMPILER_APPICON_NAME = AppIcon;
				CODE_SIGN_STYLE = Automatic;
				INFOPLIST_FILE = "Lesson - 4/Info.plist";
				LD_RUNPATH_SEARCH_PATHS = (
					"$(inherited)",
					"@executable_path/Frameworks",
				);
				PRODUCT_BUNDLE_IDENTIFIER = "Syrym-Zhursin.Lesson---4";
				PRODUCT_NAME = "$(TARGET_NAME)";
				SWIFT_VERSION = 5.0;
				TARGETED_DEVICE_FAMILY = "1,2";
			};
			name = Debug;
		};
		CE4A161725BEED0D00E5951D /* Release */ = {
			isa = XCBuildConfiguration;
			buildSettings = {
				ASSETCATALOG_COMPILER_APPICON_NAME = AppIcon;
				CODE_SIGN_STYLE = Automatic;
				INFOPLIST_FILE = "Lesson - 4/Info.plist";
				LD_RUNPATH_SEARCH_PATHS = (
					"$(inherited)",
					"@executable_path/Frameworks",
				);
				PRODUCT_BUNDLE_IDENTIFIER = "Syrym-Zhursin.Lesson---4";
				PRODUCT_NAME = "$(TARGET_NAME)";
				SWIFT_VERSION = 5.0;
				TARGETED_DEVICE_FAMILY = "1,2";
			};
			name = Release;
		};
/* End XCBuildConfiguration section */

/* Begin XCConfigurationList section */
		CE4A15FC25BEED0C00E5951D /* Build configuration list for PBXProject "Lesson - 4" */ = {
			isa = XCConfigurationList;
			buildConfigurations = (
				CE4A161325BEED0D00E5951D /* Debug */,
				CE4A161425BEED0D00E5951D /* Release */,
			);
			defaultConfigurationIsVisible = 0;
			defaultConfigurationName = Release;
		};
		CE4A161525BEED0D00E5951D /* Build configuration list for PBXNativeTarget "Lesson - 4" */ = {
			isa = XCConfigurationList;
			buildConfigurations = (
				CE4A161625BEED0D00E5951D /* Debug */,
				CE4A161725BEED0D00E5951D /* Release */,
			);
			defaultConfigurationIsVisible = 0;
			defaultConfigurationName = Release;
		};
/* End XCConfigurationList section */
	};
	rootObject = CE4A15F925BEED0C00E5951D /* Project object */;
}
